
Microsoft Visual Studio Solution File, Format Version 12.00
# Visual Studio 15
VisualStudioVersion = 15.0.28010.0
MinimumVisualStudioVersion = 10.0.40219.1
Project("{FAE04EC0-301F-11D3-BF4B-00C04F79EFBC}") = "numbersquare", "numbersquare\numbersquare.csproj", "{5D2036A1-3E90-4966-8DDE-ACA540D78A31}"
EndProject
Project("{FAE04EC0-301F-11D3-BF4B-00C04F79EFBC}") = "InfinityLoopNum", "InfinityLoopNum\InfinityLoopNum.csproj", "{F8C20F89-0D93-4673-86FF-A5A87CE8548D}"
EndProject
Global
	GlobalSection(SolutionConfigurationPlatforms) = preSolution
		Debug|Any CPU = Debug|Any CPU
		Release|Any CPU = Release|Any CPU
	EndGlobalSection
	GlobalSection(ProjectConfigurationPlatforms) = postSolution
		{5D2036A1-3E90-4966-8DDE-ACA540D78A31}.Debug|Any CPU.ActiveCfg = Debug|Any CPU
		{5D2036A1-3E90-4966-8DDE-ACA540D78A31}.Debug|Any CPU.Build.0 = Debug|Any CPU
		{5D2036A1-3E90-4966-8DDE-ACA540D78A31}.Release|Any CPU.ActiveCfg = Release|Any CPU
		{5D2036A1-3E90-4966-8DDE-ACA540D78A31}.Release|Any CPU.Build.0 = Release|Any CPU
		{F8C20F89-0D93-4673-86FF-A5A87CE8548D}.Debug|Any CPU.ActiveCfg = Debug|Any CPU
		{F8C20F89-0D93-4673-86FF-A5A87CE8548D}.Debug|Any CPU.Build.0 = Debug|Any CPU
		{F8C20F89-0D93-4673-86FF-A5A87CE8548D}.Release|Any CPU.ActiveCfg = Release|Any CPU
		{F8C20F89-0D93-4673-86FF-A5A87CE8548D}.Release|Any CPU.Build.0 = Release|Any CPU
	EndGlobalSection
	GlobalSection(SolutionProperties) = preSolution
		HideSolutionNode = FALSE
	EndGlobalSection
	GlobalSection(ExtensibilityGlobals) = postSolution
		SolutionGuid = {FDCA16B6-9974-41DD-9DE8-1A3BFDB7364D}
	EndGlobalSection
EndGlobal
